{
  "projects": [
    {
      "projectId": "9Vr5YWkf3w7jj6SsTcCEta",
      "version": "0.8.0",
      "dependencies": {},
      "lang": "ts",
      "fileLocks": [
        {
          "assetId": "9Vr5YWkf3w7jj6SsTcCEta",
          "type": "projectCss",
          "checksum": "e1ec850476829c38b0f9b6d4f7ac446a"
        }
      ],
      "codegenVersion": "0.0.1"
    },
    {
      "projectId": "eiC1VCbma8t6iMexZerqLa",
      "version": "5.24.0",
      "dependencies": {},
      "lang": "ts",
      "fileLocks": [
        {
          "assetId": "eiC1VCbma8t6iMexZerqLa",
          "type": "projectCss",
          "checksum": "e1ec850476829c38b0f9b6d4f7ac446a"
        },
        {
          "assetId": "eiC1VCbma8t6iMexZerqLa",
          "checksum": "2def64ec49d06aa26baab1064739cbe0",
          "type": "globalContexts"
        }
      ],
      "codegenVersion": "0.0.1"
    },
    {
      "projectId": "caTPwKxj5ZrD9LQ7DMdK4Z",
      "version": "3.34.0",
      "dependencies": {},
      "lang": "ts",
      "fileLocks": [
        {
          "assetId": "caTPwKxj5ZrD9LQ7DMdK4Z",
          "type": "projectCss",
          "checksum": "e1ec850476829c38b0f9b6d4f7ac446a"
        }
      ],
      "codegenVersion": "0.0.1"
    },
    {
      "projectId": "gLnoj82AzKVVT7qXiqAbHD",
      "version": "2.9.0",
      "dependencies": {},
      "lang": "ts",
      "fileLocks": [
        {
          "assetId": "gLnoj82AzKVVT7qXiqAbHD",
          "type": "projectCss",
          "checksum": "e1ec850476829c38b0f9b6d4f7ac446a"
        },
        {
          "type": "renderModule",
          "assetId": "lBHNzts6tFyj",
          "checksum": "1e6739f25873cd0bdd24b30bfe2ead37"
        },
        {
          "type": "cssRules",
          "assetId": "lBHNzts6tFyj",
          "checksum": "1e6739f25873cd0bdd24b30bfe2ead37"
        },
        {
          "type": "icon",
          "assetId": "zq2s7N0xWucT",
          "checksum": "61b12414624174db4cd2e3e683119fcb"
        },
        {
          "type": "icon",
          "assetId": "8K40faRNhuCj",
          "checksum": "4fedd32cd8730884585d804464a39318"
        }
      ],
      "codegenVersion": "0.0.1"
    },
    {
      "projectId": "xp1p7dmg329XVLHyuEUxD2",
      "version": "11.30.0",
      "dependencies": {},
      "lang": "ts",
      "fileLocks": [
        {
          "assetId": "xp1p7dmg329XVLHyuEUxD2",
          "type": "projectCss",
          "checksum": "1b891cf9539f1db972dc4163ae1172e9"
        }
      ],
      "codegenVersion": "0.0.1"
    },
    {
      "projectId": "jkU633o1Cz7HrJdwdxhVHk",
      "version": "16.7.0",
      "dependencies": {},
      "lang": "ts",
      "fileLocks": [
        {
          "assetId": "jkU633o1Cz7HrJdwdxhVHk",
          "type": "projectCss",
          "checksum": "0581d4378bb1604bb5fe3f65bb0a37de"
        }
      ],
      "codegenVersion": "0.0.1"
    },
    {
      "projectId": "ohDidvG9XsCeFumugENU3J",
      "version": "6.20.0",
      "dependencies": {},
      "lang": "ts",
      "fileLocks": [
        {
          "assetId": "ohDidvG9XsCeFumugENU3J",
          "type": "projectCss",
          "checksum": "fd83b730367fdbde2c69bc6cf31c2a3c"
        },
        {
          "assetId": "ohDidvG9XsCeFumugENU3J",
          "checksum": "de0a0e65174a6a185a8f822af51c6bdd",
          "type": "globalContexts"
        }
      ],
      "codegenVersion": "0.0.1"
    },
    {
      "projectId": "r3ASNrnyvLLLAtDvzUioQ",
      "version": "4.3.0",
      "dependencies": {},
      "lang": "ts",
      "fileLocks": [
        {
          "assetId": "r3ASNrnyvLLLAtDvzUioQ",
          "type": "projectCss",
          "checksum": "e1ec850476829c38b0f9b6d4f7ac446a"
        }
      ],
      "codegenVersion": "0.0.1"
    },
    {
      "projectId": "7nJ7UcFmq9UzB6eXfC5z4a",
      "version": "0.26.0",
      "dependencies": {},
      "lang": "ts",
      "fileLocks": [
        {
          "assetId": "7nJ7UcFmq9UzB6eXfC5z4a",
          "type": "projectCss",
          "checksum": "05587b57f22f0ec8bb54543deb39762e"
        }
      ],
      "codegenVersion": "0.0.1"
    },
    {
      "projectId": "szjgMQpPpxhmkjnaBvZQJG",
      "version": "2.23.0",
      "dependencies": {},
      "lang": "ts",
      "fileLocks": [
        {
          "assetId": "szjgMQpPpxhmkjnaBvZQJG",
          "type": "projectCss",
          "checksum": "29b90e78e5c36e5dc978e0c572d9fc75"
        }
      ],
      "codegenVersion": "0.0.1"
    },
    {
      "projectId": "58GpZjZCWTaJ8AUhpCwt2K",
      "version": "3.23.0",
      "dependencies": {},
      "lang": "ts",
      "fileLocks": [
        {
          "assetId": "58GpZjZCWTaJ8AUhpCwt2K",
          "type": "projectCss",
          "checksum": "fd84921cc10936e6ceb458c2ae01c4bd"
        }
      ],
      "codegenVersion": "0.0.1"
    },
    {
      "projectId": "iWaiTLt8mAup4ReehswsSx",
      "version": "latest",
      "dependencies": {
        "58GpZjZCWTaJ8AUhpCwt2K": "3.23.0",
        "szjgMQpPpxhmkjnaBvZQJG": "2.23.0",
        "7nJ7UcFmq9UzB6eXfC5z4a": "0.26.0",
        "r3ASNrnyvLLLAtDvzUioQ": "4.3.0",
        "ohDidvG9XsCeFumugENU3J": "6.20.0",
        "jkU633o1Cz7HrJdwdxhVHk": "16.7.0",
        "xp1p7dmg329XVLHyuEUxD2": "11.30.0",
        "gLnoj82AzKVVT7qXiqAbHD": "2.9.0",
        "caTPwKxj5ZrD9LQ7DMdK4Z": "3.34.0",
        "eiC1VCbma8t6iMexZerqLa": "5.24.0",
        "9Vr5YWkf3w7jj6SsTcCEta": "0.8.0",
        "q8iq2J191QypeBqVSHzb6M": "0.1.0"
      },
      "lang": "ts",
      "fileLocks": [
        {
          "type": "globalVariant",
          "assetId": "Sppb0uOhrN5l",
          "checksum": "d87aa3313e375a41161978b28ecdbdf5"
        },
        {
          "assetId": "iWaiTLt8mAup4ReehswsSx",
          "checksum": "7c9ac535ed5aed63359a885171d9a9de",
          "type": "globalContexts"
        },
        {
          "type": "renderModule",
          "assetId": "zN1unk1HPpY5",
          "checksum": "86d66030cb1a58385ef0f2ebcffff83a"
        },
        {
          "type": "cssRules",
          "assetId": "zN1unk1HPpY5",
          "checksum": "86d66030cb1a58385ef0f2ebcffff83a"
        },
        {
          "type": "renderModule",
          "assetId": "8yZktbDJi57J",
          "checksum": "fd988fbacf5d4da8bf87e52644bdacc2"
        },
        {
          "type": "cssRules",
          "assetId": "8yZktbDJi57J",
          "checksum": "fd988fbacf5d4da8bf87e52644bdacc2"
        },
        {
          "type": "renderModule",
          "assetId": "sRA5PV1tz8Fx",
          "checksum": "ca1b9b14a321f62537b237ef06bbd68d"
        },
        {
          "type": "cssRules",
          "assetId": "sRA5PV1tz8Fx",
          "checksum": "ca1b9b14a321f62537b237ef06bbd68d"
        },
        {
          "type": "renderModule",
          "assetId": "f3lmI1Q2JQuQ",
          "checksum": "c32734ea2e5eb9bde2f56f62a91f53f7"
        },
        {
          "type": "cssRules",
          "assetId": "f3lmI1Q2JQuQ",
          "checksum": "c32734ea2e5eb9bde2f56f62a91f53f7"
        },
        {
          "type": "renderModule",
          "assetId": "c2v6S3YujWFi",
          "checksum": "9debfa3a68f07489c272456f4578ea02"
        },
        {
          "type": "cssRules",
          "assetId": "c2v6S3YujWFi",
          "checksum": "9debfa3a68f07489c272456f4578ea02"
        },
        {
          "type": "renderModule",
          "assetId": "P0-C-lOgntj5",
          "checksum": "24b8a1036bf90109a80750fae2436151"
        },
        {
          "type": "cssRules",
          "assetId": "P0-C-lOgntj5",
          "checksum": "24b8a1036bf90109a80750fae2436151"
        },
        {
          "type": "renderModule",
          "assetId": "wyo2rRUWPFm0",
          "checksum": "ab4ed10dcbade317cc60558a116f2b53"
        },
        {
          "type": "cssRules",
          "assetId": "wyo2rRUWPFm0",
          "checksum": "ab4ed10dcbade317cc60558a116f2b53"
        },
        {
          "type": "renderModule",
          "assetId": "eg2P8gcyEiGj",
          "checksum": "8f43cb16c7c4ec8dff02dd445a6fb644"
        },
        {
          "type": "cssRules",
          "assetId": "eg2P8gcyEiGj",
          "checksum": "8f43cb16c7c4ec8dff02dd445a6fb644"
        },
        {
          "type": "renderModule",
          "assetId": "RAG3-aTZ0jjU",
          "checksum": "f838b9864ae33eb450bfbfb28e897daa"
        },
        {
          "type": "cssRules",
          "assetId": "RAG3-aTZ0jjU",
          "checksum": "f838b9864ae33eb450bfbfb28e897daa"
        },
        {
          "type": "renderModule",
          "assetId": "jbAxRPsFpcBe",
          "checksum": "f89b4eed03c451789ca6a5bbc137e7c9"
        },
        {
          "type": "cssRules",
          "assetId": "jbAxRPsFpcBe",
          "checksum": "f89b4eed03c451789ca6a5bbc137e7c9"
        },
        {
          "type": "renderModule",
          "assetId": "qoZVCK7paFuV",
          "checksum": "53775e15698c5c4643227e60df46342e"
        },
        {
          "type": "cssRules",
          "assetId": "qoZVCK7paFuV",
          "checksum": "53775e15698c5c4643227e60df46342e"
        },
        {
          "type": "renderModule",
          "assetId": "f9uslMKyhzrO",
          "checksum": "72fc7b4763c7bbeb9f53af4120690442"
        },
        {
          "type": "cssRules",
          "assetId": "f9uslMKyhzrO",
          "checksum": "72fc7b4763c7bbeb9f53af4120690442"
        },
        {
          "type": "renderModule",
          "assetId": "Dh2YVzmzoTLy",
          "checksum": "ea4e9faf2a1a2639447c02c83852ee1a"
        },
        {
          "type": "cssRules",
          "assetId": "Dh2YVzmzoTLy",
          "checksum": "ea4e9faf2a1a2639447c02c83852ee1a"
        },
        {
          "type": "renderModule",
          "assetId": "3go4pVsrtU4T",
          "checksum": "51ac662f6147b1b8aabb507da76ba1a3"
        },
        {
          "type": "cssRules",
          "assetId": "3go4pVsrtU4T",
          "checksum": "51ac662f6147b1b8aabb507da76ba1a3"
        },
        {
          "type": "renderModule",
          "assetId": "X6vipW5zRPRU",
          "checksum": "d25d4f621071a23c5fcf5259ca928f64"
        },
        {
          "type": "cssRules",
          "assetId": "X6vipW5zRPRU",
          "checksum": "d25d4f621071a23c5fcf5259ca928f64"
        },
        {
          "type": "renderModule",
          "assetId": "fK55npJDQBEK",
          "checksum": "2f5901cb2c5d058ce8fa8839f85c84dd"
        },
        {
          "type": "cssRules",
          "assetId": "fK55npJDQBEK",
          "checksum": "2f5901cb2c5d058ce8fa8839f85c84dd"
        },
        {
          "type": "renderModule",
          "assetId": "bn8Yy5q1VEYE",
          "checksum": "0e063f6530bfb4024c31b893afa219c3"
        },
        {
          "type": "cssRules",
          "assetId": "bn8Yy5q1VEYE",
          "checksum": "0e063f6530bfb4024c31b893afa219c3"
        },
        {
          "type": "renderModule",
          "assetId": "PJzwnqkVsmFM",
          "checksum": "55341fe60cd00e4df45bed141638b207"
        },
        {
          "type": "cssRules",
          "assetId": "PJzwnqkVsmFM",
          "checksum": "55341fe60cd00e4df45bed141638b207"
        },
        {
          "type": "renderModule",
          "assetId": "8dJjOz6ixDRs",
          "checksum": "6679f634c201b912aa2885389bf3a150"
        },
        {
          "type": "cssRules",
          "assetId": "8dJjOz6ixDRs",
          "checksum": "6679f634c201b912aa2885389bf3a150"
        },
        {
          "type": "renderModule",
          "assetId": "UTKzX3s1jjv0",
          "checksum": "413da651ec81ea59629f6c062473cdc4"
        },
        {
          "type": "cssRules",
          "assetId": "UTKzX3s1jjv0",
          "checksum": "413da651ec81ea59629f6c062473cdc4"
        },
        {
          "type": "renderModule",
          "assetId": "vbzBngAADS2A",
          "checksum": "836ed11001bbd5cfce90b58b0eb433cf"
        },
        {
          "type": "cssRules",
          "assetId": "vbzBngAADS2A",
          "checksum": "836ed11001bbd5cfce90b58b0eb433cf"
        },
        {
          "type": "renderModule",
          "assetId": "phD-HoP7o2wy",
          "checksum": "ad87bf87789b577f13af703d4ff4d3e4"
        },
        {
          "type": "cssRules",
          "assetId": "phD-HoP7o2wy",
          "checksum": "ad87bf87789b577f13af703d4ff4d3e4"
        },
        {
          "type": "renderModule",
          "assetId": "Wk3pm7NzsIY9",
          "checksum": "a37d6ace2069df48019490f02446978f"
        },
        {
          "type": "cssRules",
          "assetId": "Wk3pm7NzsIY9",
          "checksum": "a37d6ace2069df48019490f02446978f"
        },
        {
          "type": "renderModule",
          "assetId": "f0ftlBRhAHPN",
          "checksum": "00fadc1c262c50e777283ed430691966"
        },
        {
          "type": "cssRules",
          "assetId": "f0ftlBRhAHPN",
          "checksum": "00fadc1c262c50e777283ed430691966"
        },
        {
          "type": "renderModule",
          "assetId": "P6OuWwiFq4gQ",
          "checksum": "62c58d8dec4ec9c96081da994299022a"
        },
        {
          "type": "cssRules",
          "assetId": "P6OuWwiFq4gQ",
          "checksum": "62c58d8dec4ec9c96081da994299022a"
        },
        {
          "type": "renderModule",
          "assetId": "b5zzKfYNksQk",
          "checksum": "7ca67cbc5160816e1a9774f0c99d96de"
        },
        {
          "type": "cssRules",
          "assetId": "b5zzKfYNksQk",
          "checksum": "7ca67cbc5160816e1a9774f0c99d96de"
        },
        {
          "type": "renderModule",
          "assetId": "jy_zqM-l3sYE",
          "checksum": "716d277a43ef4ec9b39667da976622c1"
        },
        {
          "type": "cssRules",
          "assetId": "jy_zqM-l3sYE",
          "checksum": "716d277a43ef4ec9b39667da976622c1"
        },
        {
          "type": "renderModule",
          "assetId": "qdfwHKfwtv8_",
          "checksum": "082f0e5f044d6d28f632b9884ffca8dc"
        },
        {
          "type": "cssRules",
          "assetId": "qdfwHKfwtv8_",
          "checksum": "082f0e5f044d6d28f632b9884ffca8dc"
        },
        {
          "type": "renderModule",
          "assetId": "Iuq95P4E6ady",
          "checksum": "664d79db7b2cd3482ebc1ac4139d6534"
        },
        {
          "type": "cssRules",
          "assetId": "Iuq95P4E6ady",
          "checksum": "664d79db7b2cd3482ebc1ac4139d6534"
        },
        {
          "type": "renderModule",
          "assetId": "MUZDtw1P8i41",
          "checksum": "f3589cbc30faf0d4039c731566d4a797"
        },
        {
          "type": "cssRules",
          "assetId": "MUZDtw1P8i41",
          "checksum": "f3589cbc30faf0d4039c731566d4a797"
        },
        {
          "type": "renderModule",
          "assetId": "dCdetSQ4Inf-",
          "checksum": "558f6fe001b7fbb87c7db3ce97077a05"
        },
        {
          "type": "cssRules",
          "assetId": "dCdetSQ4Inf-",
          "checksum": "558f6fe001b7fbb87c7db3ce97077a05"
        },
        {
          "type": "renderModule",
          "assetId": "hJIhlFEA_DDU",
          "checksum": "f248f1c1cf751cadc78f86c45545b99d"
        },
        {
          "type": "cssRules",
          "assetId": "hJIhlFEA_DDU",
          "checksum": "f248f1c1cf751cadc78f86c45545b99d"
        },
        {
          "type": "renderModule",
          "assetId": "KZYHfceFhohx",
          "checksum": "1371d4de013a3e7c09293ad6e20336bd"
        },
        {
          "type": "cssRules",
          "assetId": "KZYHfceFhohx",
          "checksum": "1371d4de013a3e7c09293ad6e20336bd"
        },
        {
          "type": "icon",
          "assetId": "-DiNasuLs39f",
          "checksum": "58480c69a713a873ab5bcfd59f62acd2"
        },
        {
          "type": "icon",
          "assetId": "q0SxIWf05NzX",
          "checksum": "4aa07495d5f9b80f494135774a00bc29"
        },
        {
          "type": "icon",
          "assetId": "3iiT-sS-cZAa",
          "checksum": "dc4d87988f70c8db81b72ea8a6d4fa2c"
        },
        {
          "type": "icon",
          "assetId": "ntI9YLgFAIJv",
          "checksum": "2029fcd21fcccc94e6617328cad35550"
        },
        {
          "type": "icon",
          "assetId": "kpmSMoO6j0QE",
          "checksum": "2565d0741ae04bf346b4e2b86bfc4130"
        },
        {
          "type": "icon",
          "assetId": "B0JfZaaSVkxT",
          "checksum": "0df5554a5075f782da22154e37b389ec"
        },
        {
          "type": "icon",
          "assetId": "Fvg9iqGVtOYx",
          "checksum": "c4a267a76468fd192b5aa66591d052e7"
        },
        {
          "type": "icon",
          "assetId": "8vc5FhZ6EDGS",
          "checksum": "95df1497f31cd7cde737f34622fb312d"
        },
        {
          "type": "icon",
          "assetId": "gEr3vmMDIr_A",
          "checksum": "3779e38336f72751ceec58b528bc0a84"
        },
        {
          "type": "icon",
          "assetId": "bB21gLC1MPi2",
          "checksum": "8b57499d8628231bd15d2054172bf780"
        },
        {
          "type": "icon",
          "assetId": "d5Rc8pnBZxlJ",
          "checksum": "6363e6bc5d11558904918e73a6fa25f5"
        },
        {
          "type": "icon",
          "assetId": "ppJdKeJyi95N",
          "checksum": "725cd7cbfd13b128422cd60a207bf5f4"
        },
        {
          "type": "icon",
          "assetId": "gfsa-yD2Wl4D",
          "checksum": "0225a9e8f16f62d1b4f639f38d942b09"
        },
        {
          "type": "icon",
          "assetId": "-M_rLtuPSxCT",
          "checksum": "e84717d55f65e1d3bc10518a54e394f4"
        },
        {
          "type": "icon",
          "assetId": "fS2ZNjUhflt8",
          "checksum": "862b6b950bf0593a5682dd2db070f917"
        },
        {
          "type": "icon",
          "assetId": "8wmKCbwv8HSh",
          "checksum": "5dda30cf95d9882a5a8653a20c077345"
        },
        {
          "type": "icon",
          "assetId": "0ggQKe6ouxoP",
          "checksum": "b31510b110fda39a10b12325f24d2285"
        },
        {
          "type": "icon",
          "assetId": "bseFrujWYX3A",
          "checksum": "e2cd9ed22934e9605504eb5eff097e4a"
        },
        {
          "type": "icon",
          "assetId": "xgFBstRMC0MY",
          "checksum": "db849210760bc7aa6bc168cbd78d8f6e"
        },
        {
          "type": "icon",
          "assetId": "n23QXdz0xMhj",
          "checksum": "1a069b378cf27cf87979ed1f82c0674e"
        },
        {
          "type": "icon",
          "assetId": "q4DFmera4NCY",
          "checksum": "10750fa1756ae8a3e12377d33a0d8a7c"
        },
        {
          "type": "icon",
          "assetId": "WLhuhbeughNW",
          "checksum": "c14225f5a1d0779a42e3b2d3c5e5d532"
        },
        {
          "type": "icon",
          "assetId": "HBJM9aAQDa93",
          "checksum": "191e39432428eefb742e9caf7536221d"
        },
        {
          "type": "icon",
          "assetId": "tXieI8wn5FWi",
          "checksum": "de7c523be6278d3e56a1e361d25de741"
        },
        {
          "type": "icon",
          "assetId": "_PJFYwn5foSn",
          "checksum": "8fdbe7da2edf9d2e92012230c03b9169"
        },
        {
          "type": "icon",
          "assetId": "0qa3aoynIlk5",
          "checksum": "53e1c61da0781615f5566c25113907c2"
        },
        {
          "type": "image",
          "assetId": "35KrCZzt1xdE",
          "checksum": "ca75219b5e9bd78dccef1a0cf77a211b"
        },
        {
          "type": "image",
          "assetId": "IPrd7Spi-sZh",
          "checksum": "f3c3b572fbd77c873db9ce01fe77202b"
        },
        {
          "type": "image",
          "assetId": "jWTT1_716tgw",
          "checksum": "313e525f1b97afe0f61f44e37ceb72e8"
        },
        {
          "type": "image",
          "assetId": "WodWqVMuIOdX",
          "checksum": "dbdb0460179c5d69ff4983776a79b01a"
        },
        {
          "type": "image",
          "assetId": "IcfwSpg_Ywzn",
          "checksum": "b9c3a9f3472d7299a0025f97e17fb099"
        },
        {
          "type": "image",
          "assetId": "FWR43lHAZaNd",
          "checksum": "c4424d6f3e99019dfa9072c59a59c924"
        },
        {
          "type": "image",
          "assetId": "tUVfkZxLnRVp",
          "checksum": "5ef509d3e6e06222243750508cc03618"
        },
        {
          "type": "image",
          "assetId": "kskAvEndF2nt",
          "checksum": "7219e60eb6f8cb9163fd3b8dccf1e92f"
        },
        {
          "type": "image",
          "assetId": "TU4DLW1KcOd0",
          "checksum": "fbee0c8d6a3719c52059a5e769f8acd1"
        },
        {
          "type": "image",
          "assetId": "bhy-hMl2-V8s",
          "checksum": "bc7a87a49336729cfb83a2a1387a3934"
        },
        {
          "type": "image",
          "assetId": "LG-7Vi8dMi36",
          "checksum": "b0d75a15b0b9870567c042c53fa620f7"
        },
        {
          "type": "image",
          "assetId": "2AtawRj5Cww8",
          "checksum": "719c132984a835a075817854fd840d7d"
        },
        {
          "type": "image",
          "assetId": "BKk-H-9KZgcn",
          "checksum": "b59ba41772ad0442f0088f56047f48f9"
        },
        {
          "type": "image",
          "assetId": "WhN9HlgzNAi5",
          "checksum": "16adf08ceeab322af30c4effc24bd0ef"
        },
        {
          "type": "image",
          "assetId": "aIYLfIi9kmXy",
          "checksum": "c97940df508c7e3fa91fa9c0171751e1"
        },
        {
          "type": "image",
          "assetId": "Dm8vZiTWAwJh",
          "checksum": "a431aebe0ecb33ee5d02c31f87403ff3"
        },
        {
          "type": "image",
          "assetId": "YulnT7SKbl6e",
          "checksum": "005d718eb7629670226583d0e3f3c8fd"
        },
        {
          "type": "image",
          "assetId": "2Kds99TcBvxR",
          "checksum": "e178f6abe5b0c01afcb2e42257a60873"
        },
        {
          "type": "image",
          "assetId": "iVyud8WEubG-",
          "checksum": "68355800e20638ccf26f6c89e2b33ac8"
        },
        {
          "type": "image",
          "assetId": "VMhJ0LCie6uk",
          "checksum": "b1cdbbee0565c174addc11d3e220b1a5"
        },
        {
          "type": "image",
          "assetId": "_JpSJjB5bIT7",
          "checksum": "f6210e6135dd4e0d3789f619cc9313da"
        },
        {
          "type": "image",
          "assetId": "J_azoMdKB31E",
          "checksum": "29ff714380768f953a014eeed3498928"
        },
        {
          "type": "image",
          "assetId": "fbm0TzAusWcG",
          "checksum": "1197ba6b52494cd48b23c7fa294cce45"
        },
        {
          "type": "image",
          "assetId": "mLk6aRfUueLQ",
          "checksum": "e19065f484f1f8b3561c5308980084dd"
        },
        {
          "type": "image",
          "assetId": "39PcTE7Y1_Nw",
          "checksum": "3e6ba1f6efc09ca6377a1cf9873ae42c"
        },
        {
          "type": "renderModule",
          "assetId": "TGIXBt33C-ke",
          "checksum": "a02b003e6f2817f4dc1b045502be4ad5"
        },
        {
          "type": "cssRules",
          "assetId": "TGIXBt33C-ke",
          "checksum": "a02b003e6f2817f4dc1b045502be4ad5"
        },
        {
          "type": "renderModule",
          "assetId": "JyYhWqQlseuq",
          "checksum": "e2d1d219014cc4f2daf3c5b3daba9b19"
        },
        {
          "type": "cssRules",
          "assetId": "JyYhWqQlseuq",
          "checksum": "e2d1d219014cc4f2daf3c5b3daba9b19"
        },
        {
          "type": "renderModule",
          "assetId": "lan1OHaiNnks",
          "checksum": "1989e590321caf9a1fed01b50dc8f446"
        },
        {
          "type": "cssRules",
          "assetId": "lan1OHaiNnks",
          "checksum": "1989e590321caf9a1fed01b50dc8f446"
        },
        {
          "type": "renderModule",
          "assetId": "glQtNY980VYO",
          "checksum": "34bbf387208beb48f3513452f07f8a7e"
        },
        {
          "type": "cssRules",
          "assetId": "glQtNY980VYO",
          "checksum": "34bbf387208beb48f3513452f07f8a7e"
        },
        {
          "type": "icon",
          "assetId": "eybPFtSD3Jk4",
          "checksum": "4f8e77266a9129045dfe5cabde3865b7"
        },
        {
          "type": "image",
          "assetId": "CzauKgXrGlAT",
          "checksum": "1019ff2fdc2b76eb08cd3793f321d3cd"
        },
        {
          "type": "image",
          "assetId": "P2nptxFL7E00",
          "checksum": "c76f01eae7846b106b013d94a8a138f1"
        },
        {
          "type": "image",
          "assetId": "n_jpypQMsx41",
          "checksum": "070b7055c6fe798a17a7abc5aee377b4"
        },
        {
          "type": "image",
          "assetId": "z7h2PjdaO_yt",
          "checksum": "b4f65d99dcf366bd6db1b49ca8d74b15"
        },
        {
          "type": "renderModule",
          "assetId": "UvuH9QiGqNGm",
          "checksum": "ca4cfce09b04df60be0189357f8f0712"
        },
        {
          "type": "cssRules",
          "assetId": "UvuH9QiGqNGm",
          "checksum": "ca4cfce09b04df60be0189357f8f0712"
        },
        {
          "assetId": "iWaiTLt8mAup4ReehswsSx",
          "type": "projectCss",
          "checksum": "13269f4c6ebd20bdd22224b97e8a7d60"
        }
      ],
      "codegenVersion": "0.0.1"
    },
    {
      "projectId": "q8iq2J191QypeBqVSHzb6M",
      "version": "0.1.0",
      "dependencies": {},
      "lang": "ts",
      "fileLocks": [
        {
          "assetId": "q8iq2J191QypeBqVSHzb6M",
          "type": "projectCss",
          "checksum": "e1ec850476829c38b0f9b6d4f7ac446a"
        }
      ],
      "codegenVersion": "0.0.1"
    }
  ],
  "cliVersion": "0.1.327"
}
